
Microsoft Visual Studio Solution File, Format Version 12.00
# Visual Studio Version 16
VisualStudioVersion = 16.0.29418.71
MinimumVisualStudioVersion = 15.0.26124.0
Project("{2150E333-8FDC-42A3-9474-1A3956D46DE8}") = "src", "src", "{1C756EAE-124B-447C-828C-DFA37140CB72}"
EndProject
Project("{9A19103F-16F7-4668-BE54-9A1E7A4F7556}") = "TechFabricSln", "src\TechFabricSln\TechFabricSln.csproj", "{20C211E0-A2A7-48D5-B43C-544EEBA7B006}"
EndProject
Project("{2150E333-8FDC-42A3-9474-1A3956D46DE8}") = "test", "test", "{5B989EF7-F0BF-4156-A199-D58B8FB0FEEF}"
EndProject
Project("{9A19103F-16F7-4668-BE54-9A1E7A4F7556}") = "TechFabricSln.Test", "test\TechFabricSln.Test\TechFabricSln.Test.csproj", "{F05609E9-6C03-422B-A75D-72752CC88A75}"
EndProject
Global
	GlobalSection(SolutionConfigurationPlatforms) = preSolution
		Debug|Any CPU = Debug|Any CPU
		Debug|x64 = Debug|x64
		Debug|x86 = Debug|x86
		Release|Any CPU = Release|Any CPU
		Release|x64 = Release|x64
		Release|x86 = Release|x86
	EndGlobalSection
	GlobalSection(ProjectConfigurationPlatforms) = postSolution
		{20C211E0-A2A7-48D5-B43C-544EEBA7B006}.Debug|Any CPU.ActiveCfg = Debug|Any CPU
		{20C211E0-A2A7-48D5-B43C-544EEBA7B006}.Debug|Any CPU.Build.0 = Debug|Any CPU
		{20C211E0-A2A7-48D5-B43C-544EEBA7B006}.Debug|x64.ActiveCfg = Debug|Any CPU
		{20C211E0-A2A7-48D5-B43C-544EEBA7B006}.Debug|x64.Build.0 = Debug|Any CPU
		{20C211E0-A2A7-48D5-B43C-544EEBA7B006}.Debug|x86.ActiveCfg = Debug|Any CPU
		{20C211E0-A2A7-48D5-B43C-544EEBA7B006}.Debug|x86.Build.0 = Debug|Any CPU
		{20C211E0-A2A7-48D5-B43C-544EEBA7B006}.Release|Any CPU.ActiveCfg = Release|Any CPU
		{20C211E0-A2A7-48D5-B43C-544EEBA7B006}.Release|Any CPU.Build.0 = Release|Any CPU
		{20C211E0-A2A7-48D5-B43C-544EEBA7B006}.Release|x64.ActiveCfg = Release|Any CPU
		{20C211E0-A2A7-48D5-B43C-544EEBA7B006}.Release|x64.Build.0 = Release|Any CPU
		{20C211E0-A2A7-48D5-B43C-544EEBA7B006}.Release|x86.ActiveCfg = Release|Any CPU
		{20C211E0-A2A7-48D5-B43C-544EEBA7B006}.Release|x86.Build.0 = Release|Any CPU
		{F05609E9-6C03-422B-A75D-72752CC88A75}.Debug|Any CPU.ActiveCfg = Debug|Any CPU
		{F05609E9-6C03-422B-A75D-72752CC88A75}.Debug|Any CPU.Build.0 = Debug|Any CPU
		{F05609E9-6C03-422B-A75D-72752CC88A75}.Debug|x64.ActiveCfg = Debug|Any CPU
		{F05609E9-6C03-422B-A75D-72752CC88A75}.Debug|x64.Build.0 = Debug|Any CPU
		{F05609E9-6C03-422B-A75D-72752CC88A75}.Debug|x86.ActiveCfg = Debug|Any CPU
		{F05609E9-6C03-422B-A75D-72752CC88A75}.Debug|x86.Build.0 = Debug|Any CPU
		{F05609E9-6C03-422B-A75D-72752CC88A75}.Release|Any CPU.ActiveCfg = Release|Any CPU
		{F05609E9-6C03-422B-A75D-72752CC88A75}.Release|Any CPU.Build.0 = Release|Any CPU
		{F05609E9-6C03-422B-A75D-72752CC88A75}.Release|x64.ActiveCfg = Release|Any CPU
		{F05609E9-6C03-422B-A75D-72752CC88A75}.Release|x64.Build.0 = Release|Any CPU
		{F05609E9-6C03-422B-A75D-72752CC88A75}.Release|x86.ActiveCfg = Release|Any CPU
		{F05609E9-6C03-422B-A75D-72752CC88A75}.Release|x86.Build.0 = Release|Any CPU
	EndGlobalSection
	GlobalSection(SolutionProperties) = preSolution
		HideSolutionNode = FALSE
	EndGlobalSection
	GlobalSection(NestedProjects) = preSolution
		{20C211E0-A2A7-48D5-B43C-544EEBA7B006} = {1C756EAE-124B-447C-828C-DFA37140CB72}
		{F05609E9-6C03-422B-A75D-72752CC88A75} = {5B989EF7-F0BF-4156-A199-D58B8FB0FEEF}
	EndGlobalSection
	GlobalSection(ExtensibilityGlobals) = postSolution
		SolutionGuid = {C2AC6B8E-387E-42FE-B609-49A8E8CA9261}
	EndGlobalSection
EndGlobal
